
Microsoft Visual Studio Solution File, Format Version 12.00
# Visual Studio Version 17
VisualStudioVersion = 17.3.32922.545
MinimumVisualStudioVersion = 10.0.40219.1
Project("{9A19103F-16F7-4668-BE54-9A1E7A4F7556}") = "Aot.Net.Common", "Aot.Net.Common\Aot.Net.Common.csproj", "{AA41C4FB-6447-4E78-AB7B-8E5E80D96916}"
EndProject
Project("{2150E333-8FDC-42A3-9474-1A3956D46DE8}") = "MorphDict", "MorphDict", "{76A13B9F-E991-45DD-97EB-892212BF0414}"
EndProject
Project("{9A19103F-16F7-4668-BE54-9A1E7A4F7556}") = "Aot.Net.MorphDict.Common", "MorphDict\Aot.Net.MorphDict.Common\Aot.Net.MorphDict.Common.csproj", "{53A3B6F2-B409-4DA3-873C-A8025CA09599}"
EndProject
Project("{9A19103F-16F7-4668-BE54-9A1E7A4F7556}") = "Aot.Net.MorphDict.MorphWizardLib", "MorphDict\Aot.Net.MorphDict.MorphWizardLib\Aot.Net.MorphDict.MorphWizardLib.csproj", "{7E97757D-E39B-4FFF-9EC1-749D57EA0278}"
EndProject
Project("{9A19103F-16F7-4668-BE54-9A1E7A4F7556}") = "Aot.Net.MorphDict.LemmatizerBaseLib", "MorphDict\Aot.Net.MorphDict.LemmatizerBaseLib\Aot.Net.MorphDict.LemmatizerBaseLib.csproj", "{D6BB952C-6DFC-4B70-B1F0-54A763E3A3C8}"
EndProject
Project("{9A19103F-16F7-4668-BE54-9A1E7A4F7556}") = "Aot.Net.System", "Aot.Net.System\Aot.Net.System.csproj", "{18D36EF5-6DB9-46A1-8C08-6911209DB363}"
EndProject
Project("{9A19103F-16F7-4668-BE54-9A1E7A4F7556}") = "Aot.Net.Tests", "Aot.Net.Tests\Aot.Net.Tests.csproj", "{78C38CA6-75BB-49BB-A201-CF0E746E0B7A}"
EndProject
Project("{2150E333-8FDC-42A3-9474-1A3956D46DE8}") = "SolutionItems", "SolutionItems", "{0A0222E2-70BB-421D-80CB-B991B9DE0E18}"
	ProjectSection(SolutionItems) = preProject
		CommonProperties.proj = CommonProperties.proj
	EndProjectSection
EndProject
Project("{9A19103F-16F7-4668-BE54-9A1E7A4F7556}") = "Aot.Net.MorphDict.LemmatizerPackage.Russian.Default", "MorphDict\Aot.Net.MorphDict.LemmatizerPackage.Russian.Default\Aot.Net.MorphDict.LemmatizerPackage.Russian.Default.csproj", "{7F053415-166D-49D2-95B4-02D08CAA5540}"
EndProject
Global
	GlobalSection(SolutionConfigurationPlatforms) = preSolution
		Debug|Any CPU = Debug|Any CPU
		Release|Any CPU = Release|Any CPU
	EndGlobalSection
	GlobalSection(ProjectConfigurationPlatforms) = postSolution
		{AA41C4FB-6447-4E78-AB7B-8E5E80D96916}.Debug|Any CPU.ActiveCfg = Debug|Any CPU
		{AA41C4FB-6447-4E78-AB7B-8E5E80D96916}.Debug|Any CPU.Build.0 = Debug|Any CPU
		{AA41C4FB-6447-4E78-AB7B-8E5E80D96916}.Release|Any CPU.ActiveCfg = Release|Any CPU
		{AA41C4FB-6447-4E78-AB7B-8E5E80D96916}.Release|Any CPU.Build.0 = Release|Any CPU
		{53A3B6F2-B409-4DA3-873C-A8025CA09599}.Debug|Any CPU.ActiveCfg = Debug|Any CPU
		{53A3B6F2-B409-4DA3-873C-A8025CA09599}.Debug|Any CPU.Build.0 = Debug|Any CPU
		{53A3B6F2-B409-4DA3-873C-A8025CA09599}.Release|Any CPU.ActiveCfg = Release|Any CPU
		{53A3B6F2-B409-4DA3-873C-A8025CA09599}.Release|Any CPU.Build.0 = Release|Any CPU
		{7E97757D-E39B-4FFF-9EC1-749D57EA0278}.Debug|Any CPU.ActiveCfg = Debug|Any CPU
		{7E97757D-E39B-4FFF-9EC1-749D57EA0278}.Debug|Any CPU.Build.0 = Debug|Any CPU
		{7E97757D-E39B-4FFF-9EC1-749D57EA0278}.Release|Any CPU.ActiveCfg = Release|Any CPU
		{7E97757D-E39B-4FFF-9EC1-749D57EA0278}.Release|Any CPU.Build.0 = Release|Any CPU
		{D6BB952C-6DFC-4B70-B1F0-54A763E3A3C8}.Debug|Any CPU.ActiveCfg = Debug|Any CPU
		{D6BB952C-6DFC-4B70-B1F0-54A763E3A3C8}.Debug|Any CPU.Build.0 = Debug|Any CPU
		{D6BB952C-6DFC-4B70-B1F0-54A763E3A3C8}.Release|Any CPU.ActiveCfg = Release|Any CPU
		{D6BB952C-6DFC-4B70-B1F0-54A763E3A3C8}.Release|Any CPU.Build.0 = Release|Any CPU
		{18D36EF5-6DB9-46A1-8C08-6911209DB363}.Debug|Any CPU.ActiveCfg = Debug|Any CPU
		{18D36EF5-6DB9-46A1-8C08-6911209DB363}.Debug|Any CPU.Build.0 = Debug|Any CPU
		{18D36EF5-6DB9-46A1-8C08-6911209DB363}.Release|Any CPU.ActiveCfg = Release|Any CPU
		{18D36EF5-6DB9-46A1-8C08-6911209DB363}.Release|Any CPU.Build.0 = Release|Any CPU
		{78C38CA6-75BB-49BB-A201-CF0E746E0B7A}.Debug|Any CPU.ActiveCfg = Debug|Any CPU
		{78C38CA6-75BB-49BB-A201-CF0E746E0B7A}.Debug|Any CPU.Build.0 = Debug|Any CPU
		{78C38CA6-75BB-49BB-A201-CF0E746E0B7A}.Release|Any CPU.ActiveCfg = Release|Any CPU
		{78C38CA6-75BB-49BB-A201-CF0E746E0B7A}.Release|Any CPU.Build.0 = Release|Any CPU
		{7F053415-166D-49D2-95B4-02D08CAA5540}.Debug|Any CPU.ActiveCfg = Debug|Any CPU
		{7F053415-166D-49D2-95B4-02D08CAA5540}.Debug|Any CPU.Build.0 = Debug|Any CPU
		{7F053415-166D-49D2-95B4-02D08CAA5540}.Release|Any CPU.ActiveCfg = Release|Any CPU
		{7F053415-166D-49D2-95B4-02D08CAA5540}.Release|Any CPU.Build.0 = Release|Any CPU
	EndGlobalSection
	GlobalSection(SolutionProperties) = preSolution
		HideSolutionNode = FALSE
	EndGlobalSection
	GlobalSection(NestedProjects) = preSolution
		{53A3B6F2-B409-4DA3-873C-A8025CA09599} = {76A13B9F-E991-45DD-97EB-892212BF0414}
		{7E97757D-E39B-4FFF-9EC1-749D57EA0278} = {76A13B9F-E991-45DD-97EB-892212BF0414}
		{D6BB952C-6DFC-4B70-B1F0-54A763E3A3C8} = {76A13B9F-E991-45DD-97EB-892212BF0414}
		{7F053415-166D-49D2-95B4-02D08CAA5540} = {76A13B9F-E991-45DD-97EB-892212BF0414}
	EndGlobalSection
	GlobalSection(ExtensibilityGlobals) = postSolution
		SolutionGuid = {BADF6DC5-F1A9-4A16-9F38-93FBD02104A7}
	EndGlobalSection
EndGlobal
